
Microsoft Visual Studio Solution File, Format Version 12.00
# Visual Studio 14
VisualStudioVersion = 14.0.24720.0
MinimumVisualStudioVersion = 10.0.40219.1
Project("{FAE04EC0-301F-11D3-BF4B-00C04F79EFBC}") = "TCPGameServer", "server\TCPGameServer.csproj", "{3E318A03-C5B4-4A0D-A275-68B2C910B619}"
EndProject
Project("{FAE04EC0-301F-11D3-BF4B-00C04F79EFBC}") = "TCPGameClient", "client\TCPGameClient.csproj", "{F342C326-D0FF-4DF8-8A3B-77669D293CA3}"
EndProject
Project("{FAE04EC0-301F-11D3-BF4B-00C04F79EFBC}") = "TCPGameSharedInfo", "sharedinfo\TCPGameSharedInfo.csproj", "{C7A1BD6A-1D0C-44FA-8C97-5858C154207A}"
EndProject
Global
	GlobalSection(SolutionConfigurationPlatforms) = preSolution
		Debug|Any CPU = Debug|Any CPU
		Release|Any CPU = Release|Any CPU
	EndGlobalSection
	GlobalSection(ProjectConfigurationPlatforms) = postSolution
		{3E318A03-C5B4-4A0D-A275-68B2C910B619}.Debug|Any CPU.ActiveCfg = Debug|Any CPU
		{3E318A03-C5B4-4A0D-A275-68B2C910B619}.Debug|Any CPU.Build.0 = Debug|Any CPU
		{3E318A03-C5B4-4A0D-A275-68B2C910B619}.Release|Any CPU.ActiveCfg = Release|Any CPU
		{3E318A03-C5B4-4A0D-A275-68B2C910B619}.Release|Any CPU.Build.0 = Release|Any CPU
		{F342C326-D0FF-4DF8-8A3B-77669D293CA3}.Debug|Any CPU.ActiveCfg = Debug|Any CPU
		{F342C326-D0FF-4DF8-8A3B-77669D293CA3}.Debug|Any CPU.Build.0 = Debug|Any CPU
		{F342C326-D0FF-4DF8-8A3B-77669D293CA3}.Release|Any CPU.ActiveCfg = Release|Any CPU
		{F342C326-D0FF-4DF8-8A3B-77669D293CA3}.Release|Any CPU.Build.0 = Release|Any CPU
		{C7A1BD6A-1D0C-44FA-8C97-5858C154207A}.Debug|Any CPU.ActiveCfg = Debug|Any CPU
		{C7A1BD6A-1D0C-44FA-8C97-5858C154207A}.Debug|Any CPU.Build.0 = Debug|Any CPU
		{C7A1BD6A-1D0C-44FA-8C97-5858C154207A}.Release|Any CPU.ActiveCfg = Release|Any CPU
		{C7A1BD6A-1D0C-44FA-8C97-5858C154207A}.Release|Any CPU.Build.0 = Release|Any CPU
	EndGlobalSection
	GlobalSection(SolutionProperties) = preSolution
		HideSolutionNode = FALSE
	EndGlobalSection
EndGlobal
